
Microsoft Visual Studio Solution File, Format Version 12.00
# Visual Studio 2013
VisualStudioVersion = 12.0.21005.1
MinimumVisualStudioVersion = 10.0.40219.1
Project("{FAE04EC0-301F-11D3-BF4B-00C04F79EFBC}") = "Ch09Ex01", "Ch09Ex01\Ch09Ex01.csproj", "{B451A5F8-2F0A-4DB3-95DD-F5BA4C747A0A}"
EndProject
Global
	GlobalSection(SolutionConfigurationPlatforms) = preSolution
		Debug|Any CPU = Debug|Any CPU
		Release|Any CPU = Release|Any CPU
	EndGlobalSection
	GlobalSection(ProjectConfigurationPlatforms) = postSolution
		{B451A5F8-2F0A-4DB3-95DD-F5BA4C747A0A}.Debug|Any CPU.ActiveCfg = Debug|Any CPU
		{B451A5F8-2F0A-4DB3-95DD-F5BA4C747A0A}.Debug|Any CPU.Build.0 = Debug|Any CPU
		{B451A5F8-2F0A-4DB3-95DD-F5BA4C747A0A}.Release|Any CPU.ActiveCfg = Release|Any CPU
		{B451A5F8-2F0A-4DB3-95DD-F5BA4C747A0A}.Release|Any CPU.Build.0 = Release|Any CPU
	EndGlobalSection
	GlobalSection(SolutionProperties) = preSolution
		HideSolutionNode = FALSE
	EndGlobalSection
EndGlobal
